
Microsoft Visual Studio Solution File, Format Version 12.00
# Visual Studio Version 16
VisualStudioVersion = 16.0.31515.178
MinimumVisualStudioVersion = 10.0.40219.1
Project("{FAE04EC0-301F-11D3-BF4B-00C04F79EFBC}") = "Explorer", "Explorer\Explorer.csproj", "{269AA4F6-E49A-4CAD-94F9-DC998913440A}"
EndProject
Global
	GlobalSection(SolutionConfigurationPlatforms) = preSolution
		Debug|Any CPU = Debug|Any CPU
		Release|Any CPU = Release|Any CPU
	EndGlobalSection
	GlobalSection(ProjectConfigurationPlatforms) = postSolution
		{269AA4F6-E49A-4CAD-94F9-DC998913440A}.Debug|Any CPU.ActiveCfg = Debug|Any CPU
		{269AA4F6-E49A-4CAD-94F9-DC998913440A}.Debug|Any CPU.Build.0 = Debug|Any CPU
		{269AA4F6-E49A-4CAD-94F9-DC998913440A}.Release|Any CPU.ActiveCfg = Release|Any CPU
		{269AA4F6-E49A-4CAD-94F9-DC998913440A}.Release|Any CPU.Build.0 = Release|Any CPU
	EndGlobalSection
	GlobalSection(SolutionProperties) = preSolution
		HideSolutionNode = FALSE
	EndGlobalSection
	GlobalSection(ExtensibilityGlobals) = postSolution
		SolutionGuid = {92E2D114-3038-4943-96A8-4310A75415C7}
	EndGlobalSection
EndGlobal
